
Microsoft Visual Studio Solution File, Format Version 12.00
# Visual Studio Version 17
VisualStudioVersion = 17.12.35527.113
MinimumVisualStudioVersion = 10.0.40219.1
Project("{FAE04EC0-301F-11D3-BF4B-00C04F79EFBC}") = "BlazorWASM.Client", "BlazorWASM.Client\BlazorWASM.Client.csproj", "{43A2A586-C8EF-4A86-8490-5A9167F448E5}"
EndProject
Project("{FAE04EC0-301F-11D3-BF4B-00C04F79EFBC}") = "Shop.API", "Shop.API\Shop.API.csproj", "{FF90228C-26B3-4802-B0E9-0D16F40AFD8C}"
EndProject
Project("{FAE04EC0-301F-11D3-BF4B-00C04F79EFBC}") = "Shop.Shared", "Shop.Shared\Shop.Shared.csproj", "{7DCA449D-19E9-442E-8407-5F5C1162E2E6}"
EndProject
Project("{FAE04EC0-301F-11D3-BF4B-00C04F79EFBC}") = "Shop.DataSeeder", "Shop.DataSeeder\Shop.DataSeeder.csproj", "{F75122B9-17A4-4ACB-ACB2-512BA6F24135}"
EndProject
Project("{2150E333-8FDC-42A3-9474-1A3956D46DE8}") = "PrzegladBlazorServerApp", "PrzegladBlazorServerApp", "{10EC5F50-8093-4649-9F86-D19362D54FA9}"
EndProject
Project("{FAE04EC0-301F-11D3-BF4B-00C04F79EFBC}") = "BlazorApp1", "BlazorApp1\BlazorApp1.csproj", "{57DDC3BA-3C8D-4D5E-BAC0-17D69F13C54A}"
EndProject
Project("{FAE04EC0-301F-11D3-BF4B-00C04F79EFBC}") = "BlazorApp2", "BlazorApp2\BlazorApp2\BlazorApp2.csproj", "{06755518-1061-4ECE-B750-0F8E1C409E95}"
EndProject
Project("{FAE04EC0-301F-11D3-BF4B-00C04F79EFBC}") = "BlazorApp2.Client", "BlazorApp2\BlazorApp2.Client\BlazorApp2.Client.csproj", "{E95EF735-82C1-41EC-8F27-14A8731EFF68}"
EndProject
Project("{FAE04EC0-301F-11D3-BF4B-00C04F79EFBC}") = "BlazorApp3", "BlazorApp3\BlazorApp3\BlazorApp3.csproj", "{F91229AE-E6FA-4AED-817B-F7EF9BDB9778}"
EndProject
Project("{FAE04EC0-301F-11D3-BF4B-00C04F79EFBC}") = "BlazorApp3.Client", "BlazorApp3\BlazorApp3.Client\BlazorApp3.Client.csproj", "{141B55F0-B001-4718-A5AB-7B2BC65A7F22}"
EndProject
Project("{FAE04EC0-301F-11D3-BF4B-00C04F79EFBC}") = "BlazorApp4", "BlazorApp4\BlazorApp4.csproj", "{0E5932E5-A825-44F1-A069-457C79E1F2D6}"
EndProject
Project("{FAE04EC0-301F-11D3-BF4B-00C04F79EFBC}") = "BlazorApp5", "BlazorApp5\BlazorApp5.csproj", "{CCEAC6BA-C345-4230-9033-144ADCD2F014}"
EndProject
Project("{FAE04EC0-301F-11D3-BF4B-00C04F79EFBC}") = "BookBlazorServer", "BookBlazorServer\BookBlazorServer\BookBlazorServer.csproj", "{3E1407F2-187C-4A5C-AABE-07B62EC23CD2}"
EndProject
Project("{FAE04EC0-301F-11D3-BF4B-00C04F79EFBC}") = "BookBlazorServer.Client", "BookBlazorServer\BookBlazorServer.Client\BookBlazorServer.Client.csproj", "{B4D4216C-7FD6-4195-A330-2C5D7B0D7CFB}"
EndProject
Project("{FAE04EC0-301F-11D3-BF4B-00C04F79EFBC}") = "BookBlazor.Shared", "BookBlazor.Shared\BookBlazor.Shared.csproj", "{9C7A9E7E-41C5-416E-8776-033B858984E3}"
EndProject
Project("{FAE04EC0-301F-11D3-BF4B-00C04F79EFBC}") = "MauiApp1", "MauiApp1\MauiApp1.csproj", "{7ACB18E6-0C40-4CA1-B734-D7A727315B31}"
EndProject
Project("{2150E333-8FDC-42A3-9474-1A3956D46DE8}") = "MAUI", "MAUI", "{C06A3FF9-359C-4355-9E22-A4C2B450843F}"
EndProject
Project("{FAE04EC0-301F-11D3-BF4B-00C04F79EFBC}") = "MauiBlazor.Client", "MauiBlazor.Client\MauiBlazor.Client.csproj", "{DB8F2C25-E7F5-4FB6-B735-AD0A44A2B154}"
EndProject
Project("{FAE04EC0-301F-11D3-BF4B-00C04F79EFBC}") = "BlazorMauiWeb", "BlazorMauiWeb\BlazorMauiWeb\BlazorMauiWeb.csproj", "{F3FF3D3F-B9CB-4C4C-A05E-7844207BAD32}"
EndProject
Project("{FAE04EC0-301F-11D3-BF4B-00C04F79EFBC}") = "BlazorMauiWeb.Shared", "BlazorMauiWeb\BlazorMauiWeb.Shared\BlazorMauiWeb.Shared.csproj", "{373B1A80-94B7-4F17-886B-2CE065B0362B}"
EndProject
Project("{FAE04EC0-301F-11D3-BF4B-00C04F79EFBC}") = "BlazorMauiWeb.Web", "BlazorMauiWeb\BlazorMauiWeb.Web\BlazorMauiWeb.Web.csproj", "{160F17A1-BD71-4BC1-A9C2-7887F97A726D}"
EndProject
Project("{FAE04EC0-301F-11D3-BF4B-00C04F79EFBC}") = "RazorClassLibrary1", "RazorClassLibrary1\RazorClassLibrary1.csproj", "{AD9C4089-313A-4F15-B0A1-5416D67D668C}"
EndProject
Global
	GlobalSection(SolutionConfigurationPlatforms) = preSolution
		Debug|Any CPU = Debug|Any CPU
		Release|Any CPU = Release|Any CPU
	EndGlobalSection
	GlobalSection(ProjectConfigurationPlatforms) = postSolution
		{43A2A586-C8EF-4A86-8490-5A9167F448E5}.Debug|Any CPU.ActiveCfg = Debug|Any CPU
		{43A2A586-C8EF-4A86-8490-5A9167F448E5}.Debug|Any CPU.Build.0 = Debug|Any CPU
		{43A2A586-C8EF-4A86-8490-5A9167F448E5}.Release|Any CPU.ActiveCfg = Release|Any CPU
		{43A2A586-C8EF-4A86-8490-5A9167F448E5}.Release|Any CPU.Build.0 = Release|Any CPU
		{FF90228C-26B3-4802-B0E9-0D16F40AFD8C}.Debug|Any CPU.ActiveCfg = Debug|Any CPU
		{FF90228C-26B3-4802-B0E9-0D16F40AFD8C}.Debug|Any CPU.Build.0 = Debug|Any CPU
		{FF90228C-26B3-4802-B0E9-0D16F40AFD8C}.Release|Any CPU.ActiveCfg = Release|Any CPU
		{FF90228C-26B3-4802-B0E9-0D16F40AFD8C}.Release|Any CPU.Build.0 = Release|Any CPU
		{7DCA449D-19E9-442E-8407-5F5C1162E2E6}.Debug|Any CPU.ActiveCfg = Debug|Any CPU
		{7DCA449D-19E9-442E-8407-5F5C1162E2E6}.Debug|Any CPU.Build.0 = Debug|Any CPU
		{7DCA449D-19E9-442E-8407-5F5C1162E2E6}.Release|Any CPU.ActiveCfg = Release|Any CPU
		{7DCA449D-19E9-442E-8407-5F5C1162E2E6}.Release|Any CPU.Build.0 = Release|Any CPU
		{F75122B9-17A4-4ACB-ACB2-512BA6F24135}.Debug|Any CPU.ActiveCfg = Debug|Any CPU
		{F75122B9-17A4-4ACB-ACB2-512BA6F24135}.Debug|Any CPU.Build.0 = Debug|Any CPU
		{F75122B9-17A4-4ACB-ACB2-512BA6F24135}.Release|Any CPU.ActiveCfg = Release|Any CPU
		{F75122B9-17A4-4ACB-ACB2-512BA6F24135}.Release|Any CPU.Build.0 = Release|Any CPU
		{57DDC3BA-3C8D-4D5E-BAC0-17D69F13C54A}.Debug|Any CPU.ActiveCfg = Debug|Any CPU
		{57DDC3BA-3C8D-4D5E-BAC0-17D69F13C54A}.Debug|Any CPU.Build.0 = Debug|Any CPU
		{57DDC3BA-3C8D-4D5E-BAC0-17D69F13C54A}.Release|Any CPU.ActiveCfg = Release|Any CPU
		{57DDC3BA-3C8D-4D5E-BAC0-17D69F13C54A}.Release|Any CPU.Build.0 = Release|Any CPU
		{06755518-1061-4ECE-B750-0F8E1C409E95}.Debug|Any CPU.ActiveCfg = Debug|Any CPU
		{06755518-1061-4ECE-B750-0F8E1C409E95}.Debug|Any CPU.Build.0 = Debug|Any CPU
		{06755518-1061-4ECE-B750-0F8E1C409E95}.Release|Any CPU.ActiveCfg = Release|Any CPU
		{06755518-1061-4ECE-B750-0F8E1C409E95}.Release|Any CPU.Build.0 = Release|Any CPU
		{E95EF735-82C1-41EC-8F27-14A8731EFF68}.Debug|Any CPU.ActiveCfg = Debug|Any CPU
		{E95EF735-82C1-41EC-8F27-14A8731EFF68}.Debug|Any CPU.Build.0 = Debug|Any CPU
		{E95EF735-82C1-41EC-8F27-14A8731EFF68}.Release|Any CPU.ActiveCfg = Release|Any CPU
		{E95EF735-82C1-41EC-8F27-14A8731EFF68}.Release|Any CPU.Build.0 = Release|Any CPU
		{F91229AE-E6FA-4AED-817B-F7EF9BDB9778}.Debug|Any CPU.ActiveCfg = Debug|Any CPU
		{F91229AE-E6FA-4AED-817B-F7EF9BDB9778}.Debug|Any CPU.Build.0 = Debug|Any CPU
		{F91229AE-E6FA-4AED-817B-F7EF9BDB9778}.Release|Any CPU.ActiveCfg = Release|Any CPU
		{F91229AE-E6FA-4AED-817B-F7EF9BDB9778}.Release|Any CPU.Build.0 = Release|Any CPU
		{141B55F0-B001-4718-A5AB-7B2BC65A7F22}.Debug|Any CPU.ActiveCfg = Debug|Any CPU
		{141B55F0-B001-4718-A5AB-7B2BC65A7F22}.Debug|Any CPU.Build.0 = Debug|Any CPU
		{141B55F0-B001-4718-A5AB-7B2BC65A7F22}.Release|Any CPU.ActiveCfg = Release|Any CPU
		{141B55F0-B001-4718-A5AB-7B2BC65A7F22}.Release|Any CPU.Build.0 = Release|Any CPU
		{0E5932E5-A825-44F1-A069-457C79E1F2D6}.Debug|Any CPU.ActiveCfg = Debug|Any CPU
		{0E5932E5-A825-44F1-A069-457C79E1F2D6}.Debug|Any CPU.Build.0 = Debug|Any CPU
		{0E5932E5-A825-44F1-A069-457C79E1F2D6}.Release|Any CPU.ActiveCfg = Release|Any CPU
		{0E5932E5-A825-44F1-A069-457C79E1F2D6}.Release|Any CPU.Build.0 = Release|Any CPU
		{CCEAC6BA-C345-4230-9033-144ADCD2F014}.Debug|Any CPU.ActiveCfg = Debug|Any CPU
		{CCEAC6BA-C345-4230-9033-144ADCD2F014}.Debug|Any CPU.Build.0 = Debug|Any CPU
		{CCEAC6BA-C345-4230-9033-144ADCD2F014}.Release|Any CPU.ActiveCfg = Release|Any CPU
		{CCEAC6BA-C345-4230-9033-144ADCD2F014}.Release|Any CPU.Build.0 = Release|Any CPU
		{3E1407F2-187C-4A5C-AABE-07B62EC23CD2}.Debug|Any CPU.ActiveCfg = Debug|Any CPU
		{3E1407F2-187C-4A5C-AABE-07B62EC23CD2}.Debug|Any CPU.Build.0 = Debug|Any CPU
		{3E1407F2-187C-4A5C-AABE-07B62EC23CD2}.Release|Any CPU.ActiveCfg = Release|Any CPU
		{3E1407F2-187C-4A5C-AABE-07B62EC23CD2}.Release|Any CPU.Build.0 = Release|Any CPU
		{B4D4216C-7FD6-4195-A330-2C5D7B0D7CFB}.Debug|Any CPU.ActiveCfg = Debug|Any CPU
		{B4D4216C-7FD6-4195-A330-2C5D7B0D7CFB}.Debug|Any CPU.Build.0 = Debug|Any CPU
		{B4D4216C-7FD6-4195-A330-2C5D7B0D7CFB}.Release|Any CPU.ActiveCfg = Release|Any CPU
		{B4D4216C-7FD6-4195-A330-2C5D7B0D7CFB}.Release|Any CPU.Build.0 = Release|Any CPU
		{9C7A9E7E-41C5-416E-8776-033B858984E3}.Debug|Any CPU.ActiveCfg = Debug|Any CPU
		{9C7A9E7E-41C5-416E-8776-033B858984E3}.Debug|Any CPU.Build.0 = Debug|Any CPU
		{9C7A9E7E-41C5-416E-8776-033B858984E3}.Release|Any CPU.ActiveCfg = Release|Any CPU
		{9C7A9E7E-41C5-416E-8776-033B858984E3}.Release|Any CPU.Build.0 = Release|Any CPU
		{7ACB18E6-0C40-4CA1-B734-D7A727315B31}.Debug|Any CPU.ActiveCfg = Debug|Any CPU
		{7ACB18E6-0C40-4CA1-B734-D7A727315B31}.Debug|Any CPU.Build.0 = Debug|Any CPU
		{7ACB18E6-0C40-4CA1-B734-D7A727315B31}.Debug|Any CPU.Deploy.0 = Debug|Any CPU
		{7ACB18E6-0C40-4CA1-B734-D7A727315B31}.Release|Any CPU.ActiveCfg = Release|Any CPU
		{7ACB18E6-0C40-4CA1-B734-D7A727315B31}.Release|Any CPU.Build.0 = Release|Any CPU
		{7ACB18E6-0C40-4CA1-B734-D7A727315B31}.Release|Any CPU.Deploy.0 = Release|Any CPU
		{DB8F2C25-E7F5-4FB6-B735-AD0A44A2B154}.Debug|Any CPU.ActiveCfg = Debug|Any CPU
		{DB8F2C25-E7F5-4FB6-B735-AD0A44A2B154}.Debug|Any CPU.Build.0 = Debug|Any CPU
		{DB8F2C25-E7F5-4FB6-B735-AD0A44A2B154}.Debug|Any CPU.Deploy.0 = Debug|Any CPU
		{DB8F2C25-E7F5-4FB6-B735-AD0A44A2B154}.Release|Any CPU.ActiveCfg = Release|Any CPU
		{DB8F2C25-E7F5-4FB6-B735-AD0A44A2B154}.Release|Any CPU.Build.0 = Release|Any CPU
		{DB8F2C25-E7F5-4FB6-B735-AD0A44A2B154}.Release|Any CPU.Deploy.0 = Release|Any CPU
		{F3FF3D3F-B9CB-4C4C-A05E-7844207BAD32}.Debug|Any CPU.ActiveCfg = Debug|Any CPU
		{F3FF3D3F-B9CB-4C4C-A05E-7844207BAD32}.Debug|Any CPU.Build.0 = Debug|Any CPU
		{F3FF3D3F-B9CB-4C4C-A05E-7844207BAD32}.Debug|Any CPU.Deploy.0 = Debug|Any CPU
		{F3FF3D3F-B9CB-4C4C-A05E-7844207BAD32}.Release|Any CPU.ActiveCfg = Release|Any CPU
		{F3FF3D3F-B9CB-4C4C-A05E-7844207BAD32}.Release|Any CPU.Build.0 = Release|Any CPU
		{373B1A80-94B7-4F17-886B-2CE065B0362B}.Debug|Any CPU.ActiveCfg = Debug|Any CPU
		{373B1A80-94B7-4F17-886B-2CE065B0362B}.Debug|Any CPU.Build.0 = Debug|Any CPU
		{373B1A80-94B7-4F17-886B-2CE065B0362B}.Release|Any CPU.ActiveCfg = Release|Any CPU
		{373B1A80-94B7-4F17-886B-2CE065B0362B}.Release|Any CPU.Build.0 = Release|Any CPU
		{160F17A1-BD71-4BC1-A9C2-7887F97A726D}.Debug|Any CPU.ActiveCfg = Debug|Any CPU
		{160F17A1-BD71-4BC1-A9C2-7887F97A726D}.Debug|Any CPU.Build.0 = Debug|Any CPU
		{160F17A1-BD71-4BC1-A9C2-7887F97A726D}.Release|Any CPU.ActiveCfg = Release|Any CPU
		{160F17A1-BD71-4BC1-A9C2-7887F97A726D}.Release|Any CPU.Build.0 = Release|Any CPU
		{AD9C4089-313A-4F15-B0A1-5416D67D668C}.Debug|Any CPU.ActiveCfg = Debug|Any CPU
		{AD9C4089-313A-4F15-B0A1-5416D67D668C}.Debug|Any CPU.Build.0 = Debug|Any CPU
		{AD9C4089-313A-4F15-B0A1-5416D67D668C}.Release|Any CPU.ActiveCfg = Release|Any CPU
		{AD9C4089-313A-4F15-B0A1-5416D67D668C}.Release|Any CPU.Build.0 = Release|Any CPU
	EndGlobalSection
	GlobalSection(SolutionProperties) = preSolution
		HideSolutionNode = FALSE
	EndGlobalSection
	GlobalSection(NestedProjects) = preSolution
		{57DDC3BA-3C8D-4D5E-BAC0-17D69F13C54A} = {10EC5F50-8093-4649-9F86-D19362D54FA9}
		{06755518-1061-4ECE-B750-0F8E1C409E95} = {10EC5F50-8093-4649-9F86-D19362D54FA9}
		{E95EF735-82C1-41EC-8F27-14A8731EFF68} = {10EC5F50-8093-4649-9F86-D19362D54FA9}
		{F91229AE-E6FA-4AED-817B-F7EF9BDB9778} = {10EC5F50-8093-4649-9F86-D19362D54FA9}
		{141B55F0-B001-4718-A5AB-7B2BC65A7F22} = {10EC5F50-8093-4649-9F86-D19362D54FA9}
		{0E5932E5-A825-44F1-A069-457C79E1F2D6} = {10EC5F50-8093-4649-9F86-D19362D54FA9}
		{CCEAC6BA-C345-4230-9033-144ADCD2F014} = {10EC5F50-8093-4649-9F86-D19362D54FA9}
		{7ACB18E6-0C40-4CA1-B734-D7A727315B31} = {C06A3FF9-359C-4355-9E22-A4C2B450843F}
		{DB8F2C25-E7F5-4FB6-B735-AD0A44A2B154} = {C06A3FF9-359C-4355-9E22-A4C2B450843F}
		{F3FF3D3F-B9CB-4C4C-A05E-7844207BAD32} = {C06A3FF9-359C-4355-9E22-A4C2B450843F}
		{373B1A80-94B7-4F17-886B-2CE065B0362B} = {C06A3FF9-359C-4355-9E22-A4C2B450843F}
		{160F17A1-BD71-4BC1-A9C2-7887F97A726D} = {C06A3FF9-359C-4355-9E22-A4C2B450843F}
	EndGlobalSection
EndGlobal
